// !$*UTF8*$!
{
	archiveVersion = 1;
	classes = {
	};
	objectVersion = 56;
	objects = {

/* Begin PBXBuildFile section */
		176471652B487D11009071D4 /* SocialcademyApp.swift in Sources */ = {isa = PBXBuildFile; fileRef = 176471642B487D11009071D4 /* SocialcademyApp.swift */; };
		176471692B487D12009071D4 /* Assets.xcassets in Resources */ = {isa = PBXBuildFile; fileRef = 176471682B487D12009071D4 /* Assets.xcassets */; };
		1764716C2B487D12009071D4 /* Preview Assets.xcassets in Resources */ = {isa = PBXBuildFile; fileRef = 1764716B2B487D12009071D4 /* Preview Assets.xcassets */; };
		176471742B487D51009071D4 /* FirebaseAnalytics in Frameworks */ = {isa = PBXBuildFile; productRef = 176471732B487D51009071D4 /* FirebaseAnalytics */; };
		176471772B487D93009071D4 /* FirebaseAuth in Frameworks */ = {isa = PBXBuildFile; productRef = 176471762B487D93009071D4 /* FirebaseAuth */; };
		176471792B487D93009071D4 /* FirebaseFirestore in Frameworks */ = {isa = PBXBuildFile; productRef = 176471782B487D93009071D4 /* FirebaseFirestore */; };
		1764717B2B487D93009071D4 /* FirebaseFirestoreSwift in Frameworks */ = {isa = PBXBuildFile; productRef = 1764717A2B487D93009071D4 /* FirebaseFirestoreSwift */; };
		1764717E2B487DCF009071D4 /* GoogleService-Info.plist in Resources */ = {isa = PBXBuildFile; fileRef = 1764717D2B487DCF009071D4 /* GoogleService-Info.plist */; };
		176471822B48810A009071D4 /* Post.swift in Sources */ = {isa = PBXBuildFile; fileRef = 176471812B48810A009071D4 /* Post.swift */; };
		176471842B4882A6009071D4 /* PostsList.swift in Sources */ = {isa = PBXBuildFile; fileRef = 176471832B4882A6009071D4 /* PostsList.swift */; };
		176471862B4884E8009071D4 /* PostRow.swift in Sources */ = {isa = PBXBuildFile; fileRef = 176471852B4884E8009071D4 /* PostRow.swift */; };
		176471882B488A92009071D4 /* NewPostForm.swift in Sources */ = {isa = PBXBuildFile; fileRef = 176471872B488A92009071D4 /* NewPostForm.swift */; };
		1764718B2B48A110009071D4 /* PostsViewModel.swift in Sources */ = {isa = PBXBuildFile; fileRef = 1764718A2B48A110009071D4 /* PostsViewModel.swift */; };
		1764718E2B48A7E4009071D4 /* PostsRepository.swift in Sources */ = {isa = PBXBuildFile; fileRef = 1764718D2B48A7E4009071D4 /* PostsRepository.swift */; };
		176471912B48BFFA009071D4 /* Loadable.swift in Sources */ = {isa = PBXBuildFile; fileRef = 176471902B48BFFA009071D4 /* Loadable.swift */; };
		176471962B48CADE009071D4 /* EmptyListView.swift in Sources */ = {isa = PBXBuildFile; fileRef = 176471952B48CADE009071D4 /* EmptyListView.swift */; };
		1764719A2B48E492009071D4 /* Alert+Error.swift in Sources */ = {isa = PBXBuildFile; fileRef = 176471992B48E492009071D4 /* Alert+Error.swift */; };
		178F29942B49D4C6000AD59E /* PostRowViewModel.swift in Sources */ = {isa = PBXBuildFile; fileRef = 178F29932B49D4C6000AD59E /* PostRowViewModel.swift */; };
		178F29962B49E791000AD59E /* MainTabView.swift in Sources */ = {isa = PBXBuildFile; fileRef = 178F29952B49E791000AD59E /* MainTabView.swift */; };
		178F29992B49F53C000AD59E /* AuthService.swift in Sources */ = {isa = PBXBuildFile; fileRef = 178F29982B49F53C000AD59E /* AuthService.swift */; };
		178F299B2B49F7CA000AD59E /* AuthViewModel.swift in Sources */ = {isa = PBXBuildFile; fileRef = 178F299A2B49F7CA000AD59E /* AuthViewModel.swift */; };
		178F299D2B49F90D000AD59E /* AuthView.swift in Sources */ = {isa = PBXBuildFile; fileRef = 178F299C2B49F90D000AD59E /* AuthView.swift */; };
		178F299F2B49F9E5000AD59E /* ProfileView.swift in Sources */ = {isa = PBXBuildFile; fileRef = 178F299E2B49F9E5000AD59E /* ProfileView.swift */; };
		178F29A12B49FB6C000AD59E /* FormViewModel.swift in Sources */ = {isa = PBXBuildFile; fileRef = 178F29A02B49FB6C000AD59E /* FormViewModel.swift */; };
		178F29A52B4A0999000AD59E /* PrimaryButtonStyle.swift in Sources */ = {isa = PBXBuildFile; fileRef = 178F29A42B4A0999000AD59E /* PrimaryButtonStyle.swift */; };
		178F29A72B4A304C000AD59E /* User.swift in Sources */ = {isa = PBXBuildFile; fileRef = 178F29A62B4A304C000AD59E /* User.swift */; };
		178F29AA2B4A363F000AD59E /* ViewModelFactory.swift in Sources */ = {isa = PBXBuildFile; fileRef = 178F29A92B4A363F000AD59E /* ViewModelFactory.swift */; };
/* End PBXBuildFile section */

/* Begin PBXFileReference section */
		176471612B487D11009071D4 /* Socialcademy.app */ = {isa = PBXFileReference; explicitFileType = wrapper.application; includeInIndex = 0; path = Socialcademy.app; sourceTree = BUILT_PRODUCTS_DIR; };
		176471642B487D11009071D4 /* SocialcademyApp.swift */ = {isa = PBXFileReference; lastKnownFileType = sourcecode.swift; path = SocialcademyApp.swift; sourceTree = "<group>"; };
		176471682B487D12009071D4 /* Assets.xcassets */ = {isa = PBXFileReference; lastKnownFileType = folder.assetcatalog; path = Assets.xcassets; sourceTree = "<group>"; };
		1764716B2B487D12009071D4 /* Preview Assets.xcassets */ = {isa = PBXFileReference; lastKnownFileType = folder.assetcatalog; path = "Preview Assets.xcassets"; sourceTree = "<group>"; };
		1764717D2B487DCF009071D4 /* GoogleService-Info.plist */ = {isa = PBXFileReference; fileEncoding = 4; lastKnownFileType = text.plist.xml; path = "GoogleService-Info.plist"; sourceTree = "<group>"; };
		176471812B48810A009071D4 /* Post.swift */ = {isa = PBXFileReference; lastKnownFileType = sourcecode.swift; path = Post.swift; sourceTree = "<group>"; };
		176471832B4882A6009071D4 /* PostsList.swift */ = {isa = PBXFileReference; lastKnownFileType = sourcecode.swift; path = PostsList.swift; sourceTree = "<group>"; };
		176471852B4884E8009071D4 /* PostRow.swift */ = {isa = PBXFileReference; lastKnownFileType = sourcecode.swift; path = PostRow.swift; sourceTree = "<group>"; };
		176471872B488A92009071D4 /* NewPostForm.swift */ = {isa = PBXFileReference; lastKnownFileType = sourcecode.swift; path = NewPostForm.swift; sourceTree = "<group>"; };
		1764718A2B48A110009071D4 /* PostsViewModel.swift */ = {isa = PBXFileReference; lastKnownFileType = sourcecode.swift; path = PostsViewModel.swift; sourceTree = "<group>"; };
		1764718D2B48A7E4009071D4 /* PostsRepository.swift */ = {isa = PBXFileReference; lastKnownFileType = sourcecode.swift; path = PostsRepository.swift; sourceTree = "<group>"; };
		176471902B48BFFA009071D4 /* Loadable.swift */ = {isa = PBXFileReference; lastKnownFileType = sourcecode.swift; path = Loadable.swift; sourceTree = "<group>"; };
		176471952B48CADE009071D4 /* EmptyListView.swift */ = {isa = PBXFileReference; lastKnownFileType = sourcecode.swift; path = EmptyListView.swift; sourceTree = "<group>"; };
		176471992B48E492009071D4 /* Alert+Error.swift */ = {isa = PBXFileReference; lastKnownFileType = sourcecode.swift; path = "Alert+Error.swift"; sourceTree = "<group>"; };
		178F29932B49D4C6000AD59E /* PostRowViewModel.swift */ = {isa = PBXFileReference; lastKnownFileType = sourcecode.swift; path = PostRowViewModel.swift; sourceTree = "<group>"; };
		178F29952B49E791000AD59E /* MainTabView.swift */ = {isa = PBXFileReference; lastKnownFileType = sourcecode.swift; path = MainTabView.swift; sourceTree = "<group>"; };
		178F29982B49F53C000AD59E /* AuthService.swift */ = {isa = PBXFileReference; lastKnownFileType = sourcecode.swift; path = AuthService.swift; sourceTree = "<group>"; };
		178F299A2B49F7CA000AD59E /* AuthViewModel.swift */ = {isa = PBXFileReference; lastKnownFileType = sourcecode.swift; path = AuthViewModel.swift; sourceTree = "<group>"; };
		178F299C2B49F90D000AD59E /* AuthView.swift */ = {isa = PBXFileReference; lastKnownFileType = sourcecode.swift; path = AuthView.swift; sourceTree = "<group>"; };
		178F299E2B49F9E5000AD59E /* ProfileView.swift */ = {isa = PBXFileReference; lastKnownFileType = sourcecode.swift; path = ProfileView.swift; sourceTree = "<group>"; };
		178F29A02B49FB6C000AD59E /* FormViewModel.swift */ = {isa = PBXFileReference; lastKnownFileType = sourcecode.swift; path = FormViewModel.swift; sourceTree = "<group>"; };
		178F29A42B4A0999000AD59E /* PrimaryButtonStyle.swift */ = {isa = PBXFileReference; lastKnownFileType = sourcecode.swift; path = PrimaryButtonStyle.swift; sourceTree = "<group>"; };
		178F29A62B4A304C000AD59E /* User.swift */ = {isa = PBXFileReference; lastKnownFileType = sourcecode.swift; path = User.swift; sourceTree = "<group>"; };
		178F29A92B4A363F000AD59E /* ViewModelFactory.swift */ = {isa = PBXFileReference; lastKnownFileType = sourcecode.swift; path = ViewModelFactory.swift; sourceTree = "<group>"; };
/* End PBXFileReference section */

/* Begin PBXFrameworksBuildPhase section */
		1764715E2B487D11009071D4 /* Frameworks */ = {
			isa = PBXFrameworksBuildPhase;
			buildActionMask = 2147483647;
			files = (
				176471742B487D51009071D4 /* FirebaseAnalytics in Frameworks */,
				176471772B487D93009071D4 /* FirebaseAuth in Frameworks */,
				176471792B487D93009071D4 /* FirebaseFirestore in Frameworks */,
				1764717B2B487D93009071D4 /* FirebaseFirestoreSwift in Frameworks */,
			);
			runOnlyForDeploymentPostprocessing = 0;
		};
/* End PBXFrameworksBuildPhase section */

/* Begin PBXGroup section */
		176471582B487D11009071D4 = {
			isa = PBXGroup;
			children = (
				176471632B487D11009071D4 /* Socialcademy */,
				176471622B487D11009071D4 /* Products */,
				176471752B487D93009071D4 /* Frameworks */,
			);
			sourceTree = "<group>";
		};
		176471622B487D11009071D4 /* Products */ = {
			isa = PBXGroup;
			children = (
				176471612B487D11009071D4 /* Socialcademy.app */,
			);
			name = Products;
			sourceTree = "<group>";
		};
		176471632B487D11009071D4 /* Socialcademy */ = {
			isa = PBXGroup;
			children = (
				176471642B487D11009071D4 /* SocialcademyApp.swift */,
				1764717F2B487F65009071D4 /* Views */,
				176471922B48CAB9009071D4 /* Supporting Views */,
				176471892B48A0FC009071D4 /* ViewModels */,
				178F29972B49F528000AD59E /* Services */,
				1764718C2B48A7D1009071D4 /* Repositories */,
				176471802B4880BD009071D4 /* Model */,
				1764718F2B48BFE6009071D4 /* Utilities */,
				1764717C2B487DB9009071D4 /* Resources */,
			);
			path = Socialcademy;
			sourceTree = "<group>";
		};
		1764716A2B487D12009071D4 /* Preview Content */ = {
			isa = PBXGroup;
			children = (
				1764716B2B487D12009071D4 /* Preview Assets.xcassets */,
			);
			path = "Preview Content";
			sourceTree = "<group>";
		};
		176471752B487D93009071D4 /* Frameworks */ = {
			isa = PBXGroup;
			children = (
			);
			name = Frameworks;
			sourceTree = "<group>";
		};
		1764717C2B487DB9009071D4 /* Resources */ = {
			isa = PBXGroup;
			children = (
				1764717D2B487DCF009071D4 /* GoogleService-Info.plist */,
				176471682B487D12009071D4 /* Assets.xcassets */,
				1764716A2B487D12009071D4 /* Preview Content */,
			);
			path = Resources;
			sourceTree = "<group>";
		};
		1764717F2B487F65009071D4 /* Views */ = {
			isa = PBXGroup;
			children = (
				178F299C2B49F90D000AD59E /* AuthView.swift */,
				178F29952B49E791000AD59E /* MainTabView.swift */,
				176471832B4882A6009071D4 /* PostsList.swift */,
				176471872B488A92009071D4 /* NewPostForm.swift */,
				176471852B4884E8009071D4 /* PostRow.swift */,
				178F299E2B49F9E5000AD59E /* ProfileView.swift */,
			);
			path = Views;
			sourceTree = "<group>";
		};
		176471802B4880BD009071D4 /* Model */ = {
			isa = PBXGroup;
			children = (
				176471812B48810A009071D4 /* Post.swift */,
				178F29A62B4A304C000AD59E /* User.swift */,
			);
			path = Model;
			sourceTree = "<group>";
		};
		176471892B48A0FC009071D4 /* ViewModels */ = {
			isa = PBXGroup;
			children = (
				178F29A02B49FB6C000AD59E /* FormViewModel.swift */,
				1764718A2B48A110009071D4 /* PostsViewModel.swift */,
				178F29932B49D4C6000AD59E /* PostRowViewModel.swift */,
				178F299A2B49F7CA000AD59E /* AuthViewModel.swift */,
				178F29A92B4A363F000AD59E /* ViewModelFactory.swift */,
			);
			path = ViewModels;
			sourceTree = "<group>";
		};
		1764718C2B48A7D1009071D4 /* Repositories */ = {
			isa = PBXGroup;
			children = (
				1764718D2B48A7E4009071D4 /* PostsRepository.swift */,
			);
			path = Repositories;
			sourceTree = "<group>";
		};
		1764718F2B48BFE6009071D4 /* Utilities */ = {
			isa = PBXGroup;
			children = (
				176471902B48BFFA009071D4 /* Loadable.swift */,
			);
			path = Utilities;
			sourceTree = "<group>";
		};
		176471922B48CAB9009071D4 /* Supporting Views */ = {
			isa = PBXGroup;
			children = (
				176471952B48CADE009071D4 /* EmptyListView.swift */,
				178F29A42B4A0999000AD59E /* PrimaryButtonStyle.swift */,
				176471992B48E492009071D4 /* Alert+Error.swift */,
			);
			path = "Supporting Views";
			sourceTree = "<group>";
		};
		178F29972B49F528000AD59E /* Services */ = {
			isa = PBXGroup;
			children = (
				178F29982B49F53C000AD59E /* AuthService.swift */,
			);
			path = Services;
			sourceTree = "<group>";
		};
/* End PBXGroup section */

/* Begin PBXNativeTarget section */
		176471602B487D11009071D4 /* Socialcademy */ = {
			isa = PBXNativeTarget;
			buildConfigurationList = 1764716F2B487D12009071D4 /* Build configuration list for PBXNativeTarget "Socialcademy" */;
			buildPhases = (
				1764715D2B487D11009071D4 /* Sources */,
				1764715E2B487D11009071D4 /* Frameworks */,
				1764715F2B487D11009071D4 /* Resources */,
			);
			buildRules = (
			);
			dependencies = (
			);
			name = Socialcademy;
			packageProductDependencies = (
				176471732B487D51009071D4 /* FirebaseAnalytics */,
				176471762B487D93009071D4 /* FirebaseAuth */,
				176471782B487D93009071D4 /* FirebaseFirestore */,
				1764717A2B487D93009071D4 /* FirebaseFirestoreSwift */,
			);
			productName = Socialcademy;
			productReference = 176471612B487D11009071D4 /* Socialcademy.app */;
			productType = "com.apple.product-type.application";
		};
/* End PBXNativeTarget section */

/* Begin PBXProject section */
		176471592B487D11009071D4 /* Project object */ = {
			isa = PBXProject;
			attributes = {
				BuildIndependentTargetsInParallel = 1;
				LastSwiftUpdateCheck = 1510;
				LastUpgradeCheck = 1510;
				TargetAttributes = {
					176471602B487D11009071D4 = {
						CreatedOnToolsVersion = 15.1;
					};
				};
			};
			buildConfigurationList = 1764715C2B487D11009071D4 /* Build configuration list for PBXProject "Socialcademy" */;
			compatibilityVersion = "Xcode 14.0";
			developmentRegion = en;
			hasScannedForEncodings = 0;
			knownRegions = (
				en,
				Base,
			);
			mainGroup = 176471582B487D11009071D4;
			packageReferences = (
				176471722B487D51009071D4 /* XCRemoteSwiftPackageReference "firebase-ios-sdk" */,
			);
			productRefGroup = 176471622B487D11009071D4 /* Products */;
			projectDirPath = "";
			projectRoot = "";
			targets = (
				176471602B487D11009071D4 /* Socialcademy */,
			);
		};
/* End PBXProject section */

/* Begin PBXResourcesBuildPhase section */
		1764715F2B487D11009071D4 /* Resources */ = {
			isa = PBXResourcesBuildPhase;
			buildActionMask = 2147483647;
			files = (
				1764716C2B487D12009071D4 /* Preview Assets.xcassets in Resources */,
				176471692B487D12009071D4 /* Assets.xcassets in Resources */,
				1764717E2B487DCF009071D4 /* GoogleService-Info.plist in Resources */,
			);
			runOnlyForDeploymentPostprocessing = 0;
		};
/* End PBXResourcesBuildPhase section */

/* Begin PBXSourcesBuildPhase section */
		1764715D2B487D11009071D4 /* Sources */ = {
			isa = PBXSourcesBuildPhase;
			buildActionMask = 2147483647;
			files = (
				178F29A52B4A0999000AD59E /* PrimaryButtonStyle.swift in Sources */,
				178F29942B49D4C6000AD59E /* PostRowViewModel.swift in Sources */,
				176471822B48810A009071D4 /* Post.swift in Sources */,
				176471652B487D11009071D4 /* SocialcademyApp.swift in Sources */,
				1764718E2B48A7E4009071D4 /* PostsRepository.swift in Sources */,
				1764718B2B48A110009071D4 /* PostsViewModel.swift in Sources */,
				176471862B4884E8009071D4 /* PostRow.swift in Sources */,
				178F29992B49F53C000AD59E /* AuthService.swift in Sources */,
				176471912B48BFFA009071D4 /* Loadable.swift in Sources */,
				178F299F2B49F9E5000AD59E /* ProfileView.swift in Sources */,
				176471842B4882A6009071D4 /* PostsList.swift in Sources */,
				1764719A2B48E492009071D4 /* Alert+Error.swift in Sources */,
				178F299B2B49F7CA000AD59E /* AuthViewModel.swift in Sources */,
				178F29AA2B4A363F000AD59E /* ViewModelFactory.swift in Sources */,
				178F299D2B49F90D000AD59E /* AuthView.swift in Sources */,
				176471882B488A92009071D4 /* NewPostForm.swift in Sources */,
				178F29A12B49FB6C000AD59E /* FormViewModel.swift in Sources */,
				176471962B48CADE009071D4 /* EmptyListView.swift in Sources */,
				178F29962B49E791000AD59E /* MainTabView.swift in Sources */,
				178F29A72B4A304C000AD59E /* User.swift in Sources */,
			);
			runOnlyForDeploymentPostprocessing = 0;
		};
/* End PBXSourcesBuildPhase section */

/* Begin XCBuildConfiguration section */
		1764716D2B487D12009071D4 /* Debug */ = {
			isa = XCBuildConfiguration;
			buildSettings = {
				ALWAYS_SEARCH_USER_PATHS = NO;
				ASSETCATALOG_COMPILER_GENERATE_SWIFT_ASSET_SYMBOL_EXTENSIONS = YES;
				CLANG_ANALYZER_NONNULL = YES;
				CLANG_ANALYZER_NUMBER_OBJECT_CONVERSION = YES_AGGRESSIVE;
				CLANG_CXX_LANGUAGE_STANDARD = "gnu++20";
				CLANG_ENABLE_MODULES = YES;
				CLANG_ENABLE_OBJC_ARC = YES;
				CLANG_ENABLE_OBJC_WEAK = YES;
				CLANG_WARN_BLOCK_CAPTURE_AUTORELEASING = YES;
				CLANG_WARN_BOOL_CONVERSION = YES;
				CLANG_WARN_COMMA = YES;
				CLANG_WARN_CONSTANT_CONVERSION = YES;
				CLANG_WARN_DEPRECATED_OBJC_IMPLEMENTATIONS = YES;
				CLANG_WARN_DIRECT_OBJC_ISA_USAGE = YES_ERROR;
				CLANG_WARN_DOCUMENTATION_COMMENTS = YES;
				CLANG_WARN_EMPTY_BODY = YES;
				CLANG_WARN_ENUM_CONVERSION = YES;
				CLANG_WARN_INFINITE_RECURSION = YES;
				CLANG_WARN_INT_CONVERSION = YES;
				CLANG_WARN_NON_LITERAL_NULL_CONVERSION = YES;
				CLANG_WARN_OBJC_IMPLICIT_RETAIN_SELF = YES;
				CLANG_WARN_OBJC_LITERAL_CONVERSION = YES;
				CLANG_WARN_OBJC_ROOT_CLASS = YES_ERROR;
				CLANG_WARN_QUOTED_INCLUDE_IN_FRAMEWORK_HEADER = YES;
				CLANG_WARN_RANGE_LOOP_ANALYSIS = YES;
				CLANG_WARN_STRICT_PROTOTYPES = YES;
				CLANG_WARN_SUSPICIOUS_MOVE = YES;
				CLANG_WARN_UNGUARDED_AVAILABILITY = YES_AGGRESSIVE;
				CLANG_WARN_UNREACHABLE_CODE = YES;
				CLANG_WARN__DUPLICATE_METHOD_MATCH = YES;
				COPY_PHASE_STRIP = NO;
				DEBUG_INFORMATION_FORMAT = dwarf;
				ENABLE_STRICT_OBJC_MSGSEND = YES;
				ENABLE_TESTABILITY = YES;
				ENABLE_USER_SCRIPT_SANDBOXING = YES;
				GCC_C_LANGUAGE_STANDARD = gnu17;
				GCC_DYNAMIC_NO_PIC = NO;
				GCC_NO_COMMON_BLOCKS = YES;
				GCC_OPTIMIZATION_LEVEL = 0;
				GCC_PREPROCESSOR_DEFINITIONS = (
					"DEBUG=1",
					"$(inherited)",
				);
				GCC_WARN_64_TO_32_BIT_CONVERSION = YES;
				GCC_WARN_ABOUT_RETURN_TYPE = YES_ERROR;
				GCC_WARN_UNDECLARED_SELECTOR = YES;
				GCC_WARN_UNINITIALIZED_AUTOS = YES_AGGRESSIVE;
				GCC_WARN_UNUSED_FUNCTION = YES;
				GCC_WARN_UNUSED_VARIABLE = YES;
				IPHONEOS_DEPLOYMENT_TARGET = 16.0;
				LOCALIZATION_PREFERS_STRING_CATALOGS = YES;
				MTL_ENABLE_DEBUG_INFO = INCLUDE_SOURCE;
				MTL_FAST_MATH = YES;
				ONLY_ACTIVE_ARCH = YES;
				SDKROOT = iphoneos;
				SWIFT_ACTIVE_COMPILATION_CONDITIONS = "DEBUG $(inherited)";
				SWIFT_OPTIMIZATION_LEVEL = "-Onone";
			};
			name = Debug;
		};
		1764716E2B487D12009071D4 /* Release */ = {
			isa = XCBuildConfiguration;
			buildSettings = {
				ALWAYS_SEARCH_USER_PATHS = NO;
				ASSETCATALOG_COMPILER_GENERATE_SWIFT_ASSET_SYMBOL_EXTENSIONS = YES;
				CLANG_ANALYZER_NONNULL = YES;
				CLANG_ANALYZER_NUMBER_OBJECT_CONVERSION = YES_AGGRESSIVE;
				CLANG_CXX_LANGUAGE_STANDARD = "gnu++20";
				CLANG_ENABLE_MODULES = YES;
				CLANG_ENABLE_OBJC_ARC = YES;
				CLANG_ENABLE_OBJC_WEAK = YES;
				CLANG_WARN_BLOCK_CAPTURE_AUTORELEASING = YES;
				CLANG_WARN_BOOL_CONVERSION = YES;
				CLANG_WARN_COMMA = YES;
				CLANG_WARN_CONSTANT_CONVERSION = YES;
				CLANG_WARN_DEPRECATED_OBJC_IMPLEMENTATIONS = YES;
				CLANG_WARN_DIRECT_OBJC_ISA_USAGE = YES_ERROR;
				CLANG_WARN_DOCUMENTATION_COMMENTS = YES;
				CLANG_WARN_EMPTY_BODY = YES;
				CLANG_WARN_ENUM_CONVERSION = YES;
				CLANG_WARN_INFINITE_RECURSION = YES;
				CLANG_WARN_INT_CONVERSION = YES;
				CLANG_WARN_NON_LITERAL_NULL_CONVERSION = YES;
				CLANG_WARN_OBJC_IMPLICIT_RETAIN_SELF = YES;
				CLANG_WARN_OBJC_LITERAL_CONVERSION = YES;
				CLANG_WARN_OBJC_ROOT_CLASS = YES_ERROR;
				CLANG_WARN_QUOTED_INCLUDE_IN_FRAMEWORK_HEADER = YES;
				CLANG_WARN_RANGE_LOOP_ANALYSIS = YES;
				CLANG_WARN_STRICT_PROTOTYPES = YES;
				CLANG_WARN_SUSPICIOUS_MOVE = YES;
				CLANG_WARN_UNGUARDED_AVAILABILITY = YES_AGGRESSIVE;
				CLANG_WARN_UNREACHABLE_CODE = YES;
				CLANG_WARN__DUPLICATE_METHOD_MATCH = YES;
				COPY_PHASE_STRIP = NO;
				DEBUG_INFORMATION_FORMAT = "dwarf-with-dsym";
				ENABLE_NS_ASSERTIONS = NO;
				ENABLE_STRICT_OBJC_MSGSEND = YES;
				ENABLE_USER_SCRIPT_SANDBOXING = YES;
				GCC_C_LANGUAGE_STANDARD = gnu17;
				GCC_NO_COMMON_BLOCKS = YES;
				GCC_WARN_64_TO_32_BIT_CONVERSION = YES;
				GCC_WARN_ABOUT_RETURN_TYPE = YES_ERROR;
				GCC_WARN_UNDECLARED_SELECTOR = YES;
				GCC_WARN_UNINITIALIZED_AUTOS = YES_AGGRESSIVE;
				GCC_WARN_UNUSED_FUNCTION = YES;
				GCC_WARN_UNUSED_VARIABLE = YES;
				IPHONEOS_DEPLOYMENT_TARGET = 16.0;
				LOCALIZATION_PREFERS_STRING_CATALOGS = YES;
				MTL_ENABLE_DEBUG_INFO = NO;
				MTL_FAST_MATH = YES;
				SDKROOT = iphoneos;
				SWIFT_COMPILATION_MODE = wholemodule;
				VALIDATE_PRODUCT = YES;
			};
			name = Release;
		};
		176471702B487D12009071D4 /* Debug */ = {
			isa = XCBuildConfiguration;
			buildSettings = {
				ASSETCATALOG_COMPILER_APPICON_NAME = AppIcon;
				ASSETCATALOG_COMPILER_GLOBAL_ACCENT_COLOR_NAME = AccentColor;
				CODE_SIGN_STYLE = Automatic;
				CURRENT_PROJECT_VERSION = 1;
				DEVELOPMENT_ASSET_PATHS = "Socialcademy/Resources/Preview\\ Content";
				DEVELOPMENT_TEAM = XTZK894WTY;
				ENABLE_PREVIEWS = YES;
				GENERATE_INFOPLIST_FILE = YES;
				INFOPLIST_KEY_UIApplicationSceneManifest_Generation = YES;
				INFOPLIST_KEY_UIApplicationSupportsIndirectInputEvents = YES;
				INFOPLIST_KEY_UILaunchScreen_Generation = YES;
				INFOPLIST_KEY_UISupportedInterfaceOrientations_iPad = "UIInterfaceOrientationPortrait UIInterfaceOrientationPortraitUpsideDown UIInterfaceOrientationLandscapeLeft UIInterfaceOrientationLandscapeRight";
				INFOPLIST_KEY_UISupportedInterfaceOrientations_iPhone = "UIInterfaceOrientationPortrait UIInterfaceOrientationLandscapeLeft UIInterfaceOrientationLandscapeRight";
				IPHONEOS_DEPLOYMENT_TARGET = 16.0;
				LD_RUNPATH_SEARCH_PATHS = (
					"$(inherited)",
					"@executable_path/Frameworks",
				);
				MARKETING_VERSION = 1.0;
				PRODUCT_BUNDLE_IDENTIFIER = com.JoelMilla.Socialacademy;
				PRODUCT_NAME = "$(TARGET_NAME)";
				SUPPORTED_PLATFORMS = "iphoneos iphonesimulator";
				SUPPORTS_MACCATALYST = NO;
				SUPPORTS_MAC_DESIGNED_FOR_IPHONE_IPAD = NO;
				SWIFT_EMIT_LOC_STRINGS = YES;
				SWIFT_VERSION = 5.0;
				TARGETED_DEVICE_FAMILY = 1;
			};
			name = Debug;
		};
		176471712B487D12009071D4 /* Release */ = {
			isa = XCBuildConfiguration;
			buildSettings = {
				ASSETCATALOG_COMPILER_APPICON_NAME = AppIcon;
				ASSETCATALOG_COMPILER_GLOBAL_ACCENT_COLOR_NAME = AccentColor;
				CODE_SIGN_STYLE = Automatic;
				CURRENT_PROJECT_VERSION = 1;
				DEVELOPMENT_ASSET_PATHS = "Socialcademy/Resources/Preview\\ Content";
				DEVELOPMENT_TEAM = XTZK894WTY;
				ENABLE_PREVIEWS = YES;
				GENERATE_INFOPLIST_FILE = YES;
				INFOPLIST_KEY_UIApplicationSceneManifest_Generation = YES;
				INFOPLIST_KEY_UIApplicationSupportsIndirectInputEvents = YES;
				INFOPLIST_KEY_UILaunchScreen_Generation = YES;
				INFOPLIST_KEY_UISupportedInterfaceOrientations_iPad = "UIInterfaceOrientationPortrait UIInterfaceOrientationPortraitUpsideDown UIInterfaceOrientationLandscapeLeft UIInterfaceOrientationLandscapeRight";
				INFOPLIST_KEY_UISupportedInterfaceOrientations_iPhone = "UIInterfaceOrientationPortrait UIInterfaceOrientationLandscapeLeft UIInterfaceOrientationLandscapeRight";
				IPHONEOS_DEPLOYMENT_TARGET = 16.0;
				LD_RUNPATH_SEARCH_PATHS = (
					"$(inherited)",
					"@executable_path/Frameworks",
				);
				MARKETING_VERSION = 1.0;
				PRODUCT_BUNDLE_IDENTIFIER = com.JoelMilla.Socialacademy;
				PRODUCT_NAME = "$(TARGET_NAME)";
				SUPPORTED_PLATFORMS = "iphoneos iphonesimulator";
				SUPPORTS_MACCATALYST = NO;
				SUPPORTS_MAC_DESIGNED_FOR_IPHONE_IPAD = NO;
				SWIFT_EMIT_LOC_STRINGS = YES;
				SWIFT_VERSION = 5.0;
				TARGETED_DEVICE_FAMILY = 1;
			};
			name = Release;
		};
/* End XCBuildConfiguration section */

/* Begin XCConfigurationList section */
		1764715C2B487D11009071D4 /* Build configuration list for PBXProject "Socialcademy" */ = {
			isa = XCConfigurationList;
			buildConfigurations = (
				1764716D2B487D12009071D4 /* Debug */,
				1764716E2B487D12009071D4 /* Release */,
			);
			defaultConfigurationIsVisible = 0;
			defaultConfigurationName = Release;
		};
		1764716F2B487D12009071D4 /* Build configuration list for PBXNativeTarget "Socialcademy" */ = {
			isa = XCConfigurationList;
			buildConfigurations = (
				176471702B487D12009071D4 /* Debug */,
				176471712B487D12009071D4 /* Release */,
			);
			defaultConfigurationIsVisible = 0;
			defaultConfigurationName = Release;
		};
/* End XCConfigurationList section */

/* Begin XCRemoteSwiftPackageReference section */
		176471722B487D51009071D4 /* XCRemoteSwiftPackageReference "firebase-ios-sdk" */ = {
			isa = XCRemoteSwiftPackageReference;
			repositoryURL = "https://github.com/firebase/firebase-ios-sdk.git";
			requirement = {
				kind = upToNextMajorVersion;
				minimumVersion = 10.19.1;
			};
		};
/* End XCRemoteSwiftPackageReference section */

/* Begin XCSwiftPackageProductDependency section */
		176471732B487D51009071D4 /* FirebaseAnalytics */ = {
			isa = XCSwiftPackageProductDependency;
			package = 176471722B487D51009071D4 /* XCRemoteSwiftPackageReference "firebase-ios-sdk" */;
			productName = FirebaseAnalytics;
		};
		176471762B487D93009071D4 /* FirebaseAuth */ = {
			isa = XCSwiftPackageProductDependency;
			package = 176471722B487D51009071D4 /* XCRemoteSwiftPackageReference "firebase-ios-sdk" */;
			productName = FirebaseAuth;
		};
		176471782B487D93009071D4 /* FirebaseFirestore */ = {
			isa = XCSwiftPackageProductDependency;
			package = 176471722B487D51009071D4 /* XCRemoteSwiftPackageReference "firebase-ios-sdk" */;
			productName = FirebaseFirestore;
		};
		1764717A2B487D93009071D4 /* FirebaseFirestoreSwift */ = {
			isa = XCSwiftPackageProductDependency;
			package = 176471722B487D51009071D4 /* XCRemoteSwiftPackageReference "firebase-ios-sdk" */;
			productName = FirebaseFirestoreSwift;
		};
/* End XCSwiftPackageProductDependency section */
	};
	rootObject = 176471592B487D11009071D4 /* Project object */;
}
